// !$*UTF8*$!
{
	archiveVersion = 1;
	classes = {
	};
	objectVersion = 77;
	objects = {

/* Begin PBXBuildFile section */
		B10600012D000001001D0001 /* AppIcon.icon in Resources */ = {isa = PBXBuildFile; fileRef = B10600022D000001001D0001 /* AppIcon.icon */; };
		6D011D2F2C000001001D0001 /* cool_spotApp.swift in Sources */ = {isa = PBXBuildFile; fileRef = 6D011D2E2C000001001D0001 /* cool_spotApp.swift */; };
		6D011D312C000001001D0001 /* ContentView.swift in Sources */ = {isa = PBXBuildFile; fileRef = 6D011D302C000001001D0001 /* ContentView.swift */; };
		6D011D3D2C000001001D0001 /* cool_spotTests.swift in Sources */ = {isa = PBXBuildFile; fileRef = 6D011D3C2C000001001D0001 /* cool_spotTests.swift */; };
		6D011D512C000001001D0001 /* PrototypeModels.swift in Sources */ = {isa = PBXBuildFile; fileRef = 6D011D502C000001001D0001 /* PrototypeModels.swift */; };
		6D011D532C000001001D0001 /* PrototypeSharedViews.swift in Sources */ = {isa = PBXBuildFile; fileRef = 6D011D522C000001001D0001 /* PrototypeSharedViews.swift */; };
		6D011D552C000001001D0001 /* ExploreView.swift in Sources */ = {isa = PBXBuildFile; fileRef = 6D011D542C000001001D0001 /* ExploreView.swift */; };
		6D011D572C000001001D0001 /* PlaceDetailView.swift in Sources */ = {isa = PBXBuildFile; fileRef = 6D011D562C000001001D0001 /* PlaceDetailView.swift */; };
		6D011D592C000001001D0001 /* ContributionView.swift in Sources */ = {isa = PBXBuildFile; fileRef = 6D011D582C000001001D0001 /* ContributionView.swift */; };
		6D011D5B2C000001001D0001 /* SavedYouViews.swift in Sources */ = {isa = PBXBuildFile; fileRef = 6D011D5A2C000001001D0001 /* SavedYouViews.swift */; };
		6D011D5D2C000001001D0001 /* RiversideLibraryPrototype.png in Resources */ = {isa = PBXBuildFile; fileRef = 6D011D5C2C000001001D0001 /* RiversideLibraryPrototype.png */; };
		6D011D612C000001001D0001 /* VisitorReportsView.swift in Sources */ = {isa = PBXBuildFile; fileRef = 6D011D602C000001001D0001 /* VisitorReportsView.swift */; };
		6D011D632C000001001D0001 /* PlaceSearch.swift in Sources */ = {isa = PBXBuildFile; fileRef = 6D011D622C000001001D0001 /* PlaceSearch.swift */; };
		6D011D642C000001001D0001 /* CoolSpotsResponse.swift in Sources */ = {isa = PBXBuildFile; fileRef = 6D011D652C000001001D0001 /* CoolSpotsResponse.swift */; };
		6D011D662C000001001D0001 /* Resources/CoolSpots.prototype.json in Resources */ = {isa = PBXBuildFile; fileRef = 6D011D672C000001001D0001 /* Resources/CoolSpots.prototype.json */; };
		6D022E002C000001001D0001 /* PlacePhotos.swift in Sources */ = {isa = PBXBuildFile; fileRef = 6D022D002C000001001D0001 /* PlacePhotos.swift */; };
		6D022E012C000001001D0001 /* Resources/ExamplePlacePhotos.json in Resources */ = {isa = PBXBuildFile; fileRef = 6D022D012C000001001D0001 /* Resources/ExamplePlacePhotos.json */; };
		6D022E022C000001001D0001 /* Resources/CommunityPhoto1.jpg in Resources */ = {isa = PBXBuildFile; fileRef = 6D022D022C000001001D0001 /* Resources/CommunityPhoto1.jpg */; };
		6D022E032C000001001D0001 /* Resources/CommunityPhoto2.jpg in Resources */ = {isa = PBXBuildFile; fileRef = 6D022D032C000001001D0001 /* Resources/CommunityPhoto2.jpg */; };
		6D022E042C000001001D0001 /* Resources/CommunityPhoto3.jpg in Resources */ = {isa = PBXBuildFile; fileRef = 6D022D042C000001001D0001 /* Resources/CommunityPhoto3.jpg */; };
		7A031E002C000001001D0001 /* CoolSpotFacts.swift in Sources */ = {isa = PBXBuildFile; fileRef = 7A031D002C000001001D0001 /* CoolSpotFacts.swift */; };
		7A031E012C000001001D0001 /* CoolSpotEncoding.swift in Sources */ = {isa = PBXBuildFile; fileRef = 7A031D012C000001001D0001 /* CoolSpotEncoding.swift */; };
		7A031E022C000001001D0001 /* PrototypePublication.swift in Sources */ = {isa = PBXBuildFile; fileRef = 7A031D022C000001001D0001 /* PrototypePublication.swift */; };
		7A031E032C000001001D0001 /* PrototypePhotoStorage.swift in Sources */ = {isa = PBXBuildFile; fileRef = 7A031D032C000001001D0001 /* PrototypePhotoStorage.swift */; };
		7A031E042C000001001D0001 /* Resources/CommunityCoolSpots.prototype.json in Resources */ = {isa = PBXBuildFile; fileRef = 7A031D042C000001001D0001 /* Resources/CommunityCoolSpots.prototype.json */; };
		A50100012D000001001D0001 /* CoolSpotsAPIResponse.swift in Sources */ = {isa = PBXBuildFile; fileRef = A50100022D000001001D0001 /* CoolSpotsAPIResponse.swift */; };
		A50100032D000001001D0001 /* CoolSpotsAPIResponseTests.swift in Sources */ = {isa = PBXBuildFile; fileRef = A50100042D000001001D0001 /* CoolSpotsAPIResponseTests.swift */; };
		A50200012D000001001D0001 /* CoolSpotsAPILoader.swift in Sources */ = {isa = PBXBuildFile; fileRef = A50200022D000001001D0001 /* CoolSpotsAPILoader.swift */; };
		A50200032D000001001D0001 /* CoolSpotsAPILoaderTests.swift in Sources */ = {isa = PBXBuildFile; fileRef = A50200042D000001001D0001 /* CoolSpotsAPILoaderTests.swift */; };
		A50300012D000001001D0001 /* CoolSpotsAPILocalIntegrationTests.swift in Sources */ = {isa = PBXBuildFile; fileRef = A50300022D000001001D0001 /* CoolSpotsAPILocalIntegrationTests.swift */; };
		A50400012D000001001D0001 /* CoolSpotsAPIMapper.swift in Sources */ = {isa = PBXBuildFile; fileRef = A50400022D000001001D0001 /* CoolSpotsAPIMapper.swift */; };
		A50400032D000001001D0001 /* CoolSpotsAPIMapperTests.swift in Sources */ = {isa = PBXBuildFile; fileRef = A50400042D000001001D0001 /* CoolSpotsAPIMapperTests.swift */; };
		A50500012D000001001D0001 /* CoolSpotsCatalogueViewModel.swift in Sources */ = {isa = PBXBuildFile; fileRef = A50500022D000001001D0001 /* CoolSpotsCatalogueViewModel.swift */; };
		A50500032D000001001D0001 /* CoolSpotsCatalogueViewModelTests.swift in Sources */ = {isa = PBXBuildFile; fileRef = A50500042D000001001D0001 /* CoolSpotsCatalogueViewModelTests.swift */; };
		A50600012D000001001D0001 /* CoolSpotsAPIStoreTests.swift in Sources */ = {isa = PBXBuildFile; fileRef = A50600022D000001001D0001 /* CoolSpotsAPIStoreTests.swift */; };
/* End PBXBuildFile section */

/* Begin PBXContainerItemProxy section */
		6D011D392C000001001D0001 /* PBXContainerItemProxy */ = {
			isa = PBXContainerItemProxy;
			containerPortal = 6D011D212C000001001D0001 /* Project object */;
			proxyType = 1;
			remoteGlobalIDString = 6D011D282C000001001D0001;
			remoteInfo = "cool-spot";
		};
/* End PBXContainerItemProxy section */

/* Begin PBXFileReference section */
		B10600022D000001001D0001 /* AppIcon.icon */ = {isa = PBXFileReference; lastKnownFileType = folder.iconcomposer.icon; path = AppIcon.icon; sourceTree = "<group>"; };
		6D011D292C000001001D0001 /* cool-spot.app */ = {isa = PBXFileReference; explicitFileType = wrapper.application; includeInIndex = 0; path = "cool-spot.app"; sourceTree = BUILT_PRODUCTS_DIR; };
		6D011D2E2C000001001D0001 /* cool_spotApp.swift */ = {isa = PBXFileReference; lastKnownFileType = sourcecode.swift; path = cool_spotApp.swift; sourceTree = "<group>"; };
		6D011D302C000001001D0001 /* ContentView.swift */ = {isa = PBXFileReference; lastKnownFileType = sourcecode.swift; path = ContentView.swift; sourceTree = "<group>"; };
		6D011D382C000001001D0001 /* cool_spotTests.xctest */ = {isa = PBXFileReference; explicitFileType = wrapper.cfbundle; includeInIndex = 0; path = cool_spotTests.xctest; sourceTree = BUILT_PRODUCTS_DIR; };
		6D011D3C2C000001001D0001 /* cool_spotTests.swift */ = {isa = PBXFileReference; lastKnownFileType = sourcecode.swift; path = cool_spotTests.swift; sourceTree = "<group>"; };
		6D011D502C000001001D0001 /* PrototypeModels.swift */ = {isa = PBXFileReference; lastKnownFileType = sourcecode.swift; path = PrototypeModels.swift; sourceTree = "<group>"; };
		6D011D522C000001001D0001 /* PrototypeSharedViews.swift */ = {isa = PBXFileReference; lastKnownFileType = sourcecode.swift; path = PrototypeSharedViews.swift; sourceTree = "<group>"; };
		6D011D542C000001001D0001 /* ExploreView.swift */ = {isa = PBXFileReference; lastKnownFileType = sourcecode.swift; path = ExploreView.swift; sourceTree = "<group>"; };
		6D011D562C000001001D0001 /* PlaceDetailView.swift */ = {isa = PBXFileReference; lastKnownFileType = sourcecode.swift; path = PlaceDetailView.swift; sourceTree = "<group>"; };
		6D011D582C000001001D0001 /* ContributionView.swift */ = {isa = PBXFileReference; lastKnownFileType = sourcecode.swift; path = ContributionView.swift; sourceTree = "<group>"; };
		6D011D5A2C000001001D0001 /* SavedYouViews.swift */ = {isa = PBXFileReference; lastKnownFileType = sourcecode.swift; path = SavedYouViews.swift; sourceTree = "<group>"; };
		6D011D5C2C000001001D0001 /* RiversideLibraryPrototype.png */ = {isa = PBXFileReference; lastKnownFileType = image.png; path = RiversideLibraryPrototype.png; sourceTree = "<group>"; };
		6D011D602C000001001D0001 /* VisitorReportsView.swift */ = {isa = PBXFileReference; lastKnownFileType = sourcecode.swift; path = VisitorReportsView.swift; sourceTree = "<group>"; };
		6D011D622C000001001D0001 /* PlaceSearch.swift */ = {isa = PBXFileReference; lastKnownFileType = sourcecode.swift; path = PlaceSearch.swift; sourceTree = "<group>"; };
		6D011D652C000001001D0001 /* CoolSpotsResponse.swift */ = {isa = PBXFileReference; lastKnownFileType = sourcecode.swift; path = CoolSpotsResponse.swift; sourceTree = "<group>"; };
		6D011D672C000001001D0001 /* Resources/CoolSpots.prototype.json */ = {isa = PBXFileReference; lastKnownFileType = text.json; path = Resources/CoolSpots.prototype.json; sourceTree = "<group>"; };
		6D022D002C000001001D0001 /* PlacePhotos.swift */ = {isa = PBXFileReference; lastKnownFileType = sourcecode.swift; path = PlacePhotos.swift; sourceTree = "<group>"; };
		6D022D012C000001001D0001 /* Resources/ExamplePlacePhotos.json */ = {isa = PBXFileReference; lastKnownFileType = text.json; path = Resources/ExamplePlacePhotos.json; sourceTree = "<group>"; };
		6D022D022C000001001D0001 /* Resources/CommunityPhoto1.jpg */ = {isa = PBXFileReference; lastKnownFileType = image.jpeg; path = Resources/CommunityPhoto1.jpg; sourceTree = "<group>"; };
		6D022D032C000001001D0001 /* Resources/CommunityPhoto2.jpg */ = {isa = PBXFileReference; lastKnownFileType = image.jpeg; path = Resources/CommunityPhoto2.jpg; sourceTree = "<group>"; };
		6D022D042C000001001D0001 /* Resources/CommunityPhoto3.jpg */ = {isa = PBXFileReference; lastKnownFileType = image.jpeg; path = Resources/CommunityPhoto3.jpg; sourceTree = "<group>"; };
		7A031D002C000001001D0001 /* CoolSpotFacts.swift */ = {isa = PBXFileReference; lastKnownFileType = sourcecode.swift; path = CoolSpotFacts.swift; sourceTree = "<group>"; };
		7A031D012C000001001D0001 /* CoolSpotEncoding.swift */ = {isa = PBXFileReference; lastKnownFileType = sourcecode.swift; path = CoolSpotEncoding.swift; sourceTree = "<group>"; };
		7A031D022C000001001D0001 /* PrototypePublication.swift */ = {isa = PBXFileReference; lastKnownFileType = sourcecode.swift; path = PrototypePublication.swift; sourceTree = "<group>"; };
		7A031D032C000001001D0001 /* PrototypePhotoStorage.swift */ = {isa = PBXFileReference; lastKnownFileType = sourcecode.swift; path = PrototypePhotoStorage.swift; sourceTree = "<group>"; };
		7A031D042C000001001D0001 /* Resources/CommunityCoolSpots.prototype.json */ = {isa = PBXFileReference; lastKnownFileType = text.json; path = Resources/CommunityCoolSpots.prototype.json; sourceTree = "<group>"; };
		9AAC5838306EACB500C8442F /* cool-spot.xctestplan */ = {isa = PBXFileReference; lastKnownFileType = text; path = "cool-spot.xctestplan"; sourceTree = "<group>"; };
		A50100022D000001001D0001 /* CoolSpotsAPIResponse.swift */ = {isa = PBXFileReference; lastKnownFileType = sourcecode.swift; path = CoolSpotsAPIResponse.swift; sourceTree = "<group>"; };
		A50100042D000001001D0001 /* CoolSpotsAPIResponseTests.swift */ = {isa = PBXFileReference; lastKnownFileType = sourcecode.swift; path = CoolSpotsAPIResponseTests.swift; sourceTree = "<group>"; };
		A50200022D000001001D0001 /* CoolSpotsAPILoader.swift */ = {isa = PBXFileReference; lastKnownFileType = sourcecode.swift; path = CoolSpotsAPILoader.swift; sourceTree = "<group>"; };
		A50200042D000001001D0001 /* CoolSpotsAPILoaderTests.swift */ = {isa = PBXFileReference; lastKnownFileType = sourcecode.swift; path = CoolSpotsAPILoaderTests.swift; sourceTree = "<group>"; };
		A50300022D000001001D0001 /* CoolSpotsAPILocalIntegrationTests.swift */ = {isa = PBXFileReference; lastKnownFileType = sourcecode.swift; path = CoolSpotsAPILocalIntegrationTests.swift; sourceTree = "<group>"; };
		A50400022D000001001D0001 /* CoolSpotsAPIMapper.swift */ = {isa = PBXFileReference; lastKnownFileType = sourcecode.swift; path = CoolSpotsAPIMapper.swift; sourceTree = "<group>"; };
		A50400042D000001001D0001 /* CoolSpotsAPIMapperTests.swift */ = {isa = PBXFileReference; lastKnownFileType = sourcecode.swift; path = CoolSpotsAPIMapperTests.swift; sourceTree = "<group>"; };
		A50500022D000001001D0001 /* CoolSpotsCatalogueViewModel.swift */ = {isa = PBXFileReference; lastKnownFileType = sourcecode.swift; path = CoolSpotsCatalogueViewModel.swift; sourceTree = "<group>"; };
		A50500042D000001001D0001 /* CoolSpotsCatalogueViewModelTests.swift */ = {isa = PBXFileReference; lastKnownFileType = sourcecode.swift; path = CoolSpotsCatalogueViewModelTests.swift; sourceTree = "<group>"; };
		A50600022D000001001D0001 /* CoolSpotsAPIStoreTests.swift */ = {isa = PBXFileReference; lastKnownFileType = sourcecode.swift; path = CoolSpotsAPIStoreTests.swift; sourceTree = "<group>"; };
/* End PBXFileReference section */

/* Begin PBXFrameworksBuildPhase section */
		6D011D262C000001001D0001 /* Frameworks */ = {
			isa = PBXFrameworksBuildPhase;
			buildActionMask = 2147483647;
			files = (
			);
			runOnlyForDeploymentPostprocessing = 0;
		};
		6D011D352C000001001D0001 /* Frameworks */ = {
			isa = PBXFrameworksBuildPhase;
			buildActionMask = 2147483647;
			files = (
			);
			runOnlyForDeploymentPostprocessing = 0;
		};
/* End PBXFrameworksBuildPhase section */

/* Begin PBXGroup section */
		6D011D202C000001001D0001 = {
			isa = PBXGroup;
			children = (
				9AAC5838306EACB500C8442F /* cool-spot.xctestplan */,
				6D011D2D2C000001001D0001 /* cool-spot */,
				6D011D3B2C000001001D0001 /* cool-spotTests */,
				6D011D2A2C000001001D0001 /* Products */,
			);
			sourceTree = "<group>";
		};
		6D011D2A2C000001001D0001 /* Products */ = {
			isa = PBXGroup;
			children = (
				6D011D292C000001001D0001 /* cool-spot.app */,
				6D011D382C000001001D0001 /* cool_spotTests.xctest */,
			);
			name = Products;
			sourceTree = "<group>";
		};
		6D011D2D2C000001001D0001 /* cool-spot */ = {
			isa = PBXGroup;
			children = (
				B10600022D000001001D0001 /* AppIcon.icon */,
				6D011D2E2C000001001D0001 /* cool_spotApp.swift */,
				6D011D302C000001001D0001 /* ContentView.swift */,
				6D011D502C000001001D0001 /* PrototypeModels.swift */,
				6D011D522C000001001D0001 /* PrototypeSharedViews.swift */,
				6D011D542C000001001D0001 /* ExploreView.swift */,
				6D011D622C000001001D0001 /* PlaceSearch.swift */,
				7A031D002C000001001D0001 /* CoolSpotFacts.swift */,
				7A031D012C000001001D0001 /* CoolSpotEncoding.swift */,
				7A031D022C000001001D0001 /* PrototypePublication.swift */,
				7A031D032C000001001D0001 /* PrototypePhotoStorage.swift */,
				7A031D042C000001001D0001 /* Resources/CommunityCoolSpots.prototype.json */,
				6D011D652C000001001D0001 /* CoolSpotsResponse.swift */,
				A50100022D000001001D0001 /* CoolSpotsAPIResponse.swift */,
				A50200022D000001001D0001 /* CoolSpotsAPILoader.swift */,
				A50400022D000001001D0001 /* CoolSpotsAPIMapper.swift */,
				A50500022D000001001D0001 /* CoolSpotsCatalogueViewModel.swift */,
				6D022D042C000001001D0001 /* Resources/CommunityPhoto3.jpg */,
				6D022D032C000001001D0001 /* Resources/CommunityPhoto2.jpg */,
				6D022D022C000001001D0001 /* Resources/CommunityPhoto1.jpg */,
				6D022D012C000001001D0001 /* Resources/ExamplePlacePhotos.json */,
				6D022D002C000001001D0001 /* PlacePhotos.swift */,
				6D011D672C000001001D0001 /* Resources/CoolSpots.prototype.json */,
				6D011D562C000001001D0001 /* PlaceDetailView.swift */,
				6D011D582C000001001D0001 /* ContributionView.swift */,
				6D011D5A2C000001001D0001 /* SavedYouViews.swift */,
				6D011D602C000001001D0001 /* VisitorReportsView.swift */,
				6D011D5C2C000001001D0001 /* RiversideLibraryPrototype.png */,
			);
			path = "cool-spot";
			sourceTree = "<group>";
		};
		6D011D3B2C000001001D0001 /* cool-spotTests */ = {
			isa = PBXGroup;
			children = (
				6D011D3C2C000001001D0001 /* cool_spotTests.swift */,
				A50100042D000001001D0001 /* CoolSpotsAPIResponseTests.swift */,
				A50200042D000001001D0001 /* CoolSpotsAPILoaderTests.swift */,
				A50300022D000001001D0001 /* CoolSpotsAPILocalIntegrationTests.swift */,
				A50400042D000001001D0001 /* CoolSpotsAPIMapperTests.swift */,
				A50500042D000001001D0001 /* CoolSpotsCatalogueViewModelTests.swift */,
				A50600022D000001001D0001 /* CoolSpotsAPIStoreTests.swift */,
			);
			path = "cool-spotTests";
			sourceTree = "<group>";
		};
/* End PBXGroup section */

/* Begin PBXNativeTarget section */
		6D011D282C000001001D0001 /* cool-spot */ = {
			isa = PBXNativeTarget;
			buildConfigurationList = 6D011D422C000001001D0001 /* Build configuration list for PBXNativeTarget "cool-spot" */;
			buildPhases = (
				6D011D252C000001001D0001 /* Sources */,
				6D011D262C000001001D0001 /* Frameworks */,
				6D011D272C000001001D0001 /* Resources */,
			);
			buildRules = (
			);
			dependencies = (
			);
			name = "cool-spot";
			productName = "cool-spot";
			productReference = 6D011D292C000001001D0001 /* cool-spot.app */;
			productType = "com.apple.product-type.application";
		};
		6D011D372C000001001D0001 /* cool_spotTests */ = {
			isa = PBXNativeTarget;
			buildConfigurationList = 6D011D452C000001001D0001 /* Build configuration list for PBXNativeTarget "cool_spotTests" */;
			buildPhases = (
				6D011D342C000001001D0001 /* Sources */,
				6D011D352C000001001D0001 /* Frameworks */,
				6D011D362C000001001D0001 /* Resources */,
			);
			buildRules = (
			);
			dependencies = (
				6D011D3A2C000001001D0001 /* PBXTargetDependency */,
			);
			name = cool_spotTests;
			productName = cool_spotTests;
			productReference = 6D011D382C000001001D0001 /* cool_spotTests.xctest */;
			productType = "com.apple.product-type.bundle.unit-test";
		};
/* End PBXNativeTarget section */

/* Begin PBXProject section */
		6D011D212C000001001D0001 /* Project object */ = {
			isa = PBXProject;
			attributes = {
				BuildIndependentTargetsInParallel = 1;
				LastSwiftUpdateCheck = 2640;
				LastUpgradeCheck = 2640;
				TargetAttributes = {
					6D011D282C000001001D0001 = {
						CreatedOnToolsVersion = 26.4.1;
					};
					6D011D372C000001001D0001 = {
						CreatedOnToolsVersion = 26.4.1;
						TestTargetID = 6D011D282C000001001D0001;
					};
				};
			};
			buildConfigurationList = 6D011D242C000001001D0001 /* Build configuration list for PBXProject "cool-spot" */;
			developmentRegion = en;
			hasScannedForEncodings = 0;
			knownRegions = (
				en,
				Base,
			);
			mainGroup = 6D011D202C000001001D0001;
			minimizedProjectReferenceProxies = 1;
			preferredProjectObjectVersion = 77;
			productRefGroup = 6D011D2A2C000001001D0001 /* Products */;
			projectDirPath = "";
			projectRoot = "";
			targets = (
				6D011D282C000001001D0001 /* cool-spot */,
				6D011D372C000001001D0001 /* cool_spotTests */,
			);
		};
/* End PBXProject section */

/* Begin PBXResourcesBuildPhase section */
		6D011D272C000001001D0001 /* Resources */ = {
			isa = PBXResourcesBuildPhase;
			buildActionMask = 2147483647;
			files = (
				B10600012D000001001D0001 /* AppIcon.icon in Resources */,
				6D022E042C000001001D0001 /* Resources/CommunityPhoto3.jpg in Resources */,
				6D022E032C000001001D0001 /* Resources/CommunityPhoto2.jpg in Resources */,
				6D022E022C000001001D0001 /* Resources/CommunityPhoto1.jpg in Resources */,
				6D022E012C000001001D0001 /* Resources/ExamplePlacePhotos.json in Resources */,
				6D011D5D2C000001001D0001 /* RiversideLibraryPrototype.png in Resources */,
				7A031E042C000001001D0001 /* Resources/CommunityCoolSpots.prototype.json in Resources */,
				6D011D662C000001001D0001 /* Resources/CoolSpots.prototype.json in Resources */,
			);
			runOnlyForDeploymentPostprocessing = 0;
		};
		6D011D362C000001001D0001 /* Resources */ = {
			isa = PBXResourcesBuildPhase;
			buildActionMask = 2147483647;
			files = (
			);
			runOnlyForDeploymentPostprocessing = 0;
		};
/* End PBXResourcesBuildPhase section */

/* Begin PBXSourcesBuildPhase section */
		6D011D252C000001001D0001 /* Sources */ = {
			isa = PBXSourcesBuildPhase;
			buildActionMask = 2147483647;
			files = (
				6D022E002C000001001D0001 /* PlacePhotos.swift in Sources */,
				6D011D2F2C000001001D0001 /* cool_spotApp.swift in Sources */,
				6D011D312C000001001D0001 /* ContentView.swift in Sources */,
				6D011D512C000001001D0001 /* PrototypeModels.swift in Sources */,
				6D011D532C000001001D0001 /* PrototypeSharedViews.swift in Sources */,
				6D011D552C000001001D0001 /* ExploreView.swift in Sources */,
				6D011D632C000001001D0001 /* PlaceSearch.swift in Sources */,
				7A031E002C000001001D0001 /* CoolSpotFacts.swift in Sources */,
				7A031E012C000001001D0001 /* CoolSpotEncoding.swift in Sources */,
				7A031E022C000001001D0001 /* PrototypePublication.swift in Sources */,
				7A031E032C000001001D0001 /* PrototypePhotoStorage.swift in Sources */,
				6D011D642C000001001D0001 /* CoolSpotsResponse.swift in Sources */,
				A50100012D000001001D0001 /* CoolSpotsAPIResponse.swift in Sources */,
				A50200012D000001001D0001 /* CoolSpotsAPILoader.swift in Sources */,
				A50400012D000001001D0001 /* CoolSpotsAPIMapper.swift in Sources */,
				A50500012D000001001D0001 /* CoolSpotsCatalogueViewModel.swift in Sources */,
				6D011D572C000001001D0001 /* PlaceDetailView.swift in Sources */,
				6D011D592C000001001D0001 /* ContributionView.swift in Sources */,
				6D011D5B2C000001001D0001 /* SavedYouViews.swift in Sources */,
				6D011D612C000001001D0001 /* VisitorReportsView.swift in Sources */,
			);
			runOnlyForDeploymentPostprocessing = 0;
		};
		6D011D342C000001001D0001 /* Sources */ = {
			isa = PBXSourcesBuildPhase;
			buildActionMask = 2147483647;
			files = (
				A50100032D000001001D0001 /* CoolSpotsAPIResponseTests.swift in Sources */,
				A50200032D000001001D0001 /* CoolSpotsAPILoaderTests.swift in Sources */,
				A50300012D000001001D0001 /* CoolSpotsAPILocalIntegrationTests.swift in Sources */,
				A50400032D000001001D0001 /* CoolSpotsAPIMapperTests.swift in Sources */,
				A50500032D000001001D0001 /* CoolSpotsCatalogueViewModelTests.swift in Sources */,
				A50600012D000001001D0001 /* CoolSpotsAPIStoreTests.swift in Sources */,
				6D011D3D2C000001001D0001 /* cool_spotTests.swift in Sources */,
			);
			runOnlyForDeploymentPostprocessing = 0;
		};
/* End PBXSourcesBuildPhase section */

/* Begin PBXTargetDependency section */
		6D011D3A2C000001001D0001 /* PBXTargetDependency */ = {
			isa = PBXTargetDependency;
			target = 6D011D282C000001001D0001 /* cool-spot */;
			targetProxy = 6D011D392C000001001D0001 /* PBXContainerItemProxy */;
		};
/* End PBXTargetDependency section */

/* Begin XCBuildConfiguration section */
		6D011D402C000001001D0001 /* Debug */ = {
			isa = XCBuildConfiguration;
			buildSettings = {
				ALWAYS_SEARCH_USER_PATHS = NO;
				CLANG_ANALYZER_NONNULL = YES;
				CLANG_ANALYZER_NUMBER_OBJECT_CONVERSION = YES_AGGRESSIVE;
				CLANG_CXX_LANGUAGE_STANDARD = "gnu++20";
				CLANG_ENABLE_MODULES = YES;
				CLANG_ENABLE_OBJC_ARC = YES;
				CLANG_ENABLE_OBJC_WEAK = YES;
				CLANG_WARN_BLOCK_CAPTURE_AUTORELEASING = YES;
				CLANG_WARN_BOOL_CONVERSION = YES;
				CLANG_WARN_COMMA = YES;
				CLANG_WARN_CONSTANT_CONVERSION = YES;
				CLANG_WARN_DEPRECATED_OBJC_IMPLEMENTATIONS = YES;
				CLANG_WARN_DIRECT_OBJC_ISA_USAGE = YES_ERROR;
				CLANG_WARN_DOCUMENTATION_COMMENTS = YES;
				CLANG_WARN_EMPTY_BODY = YES;
				CLANG_WARN_ENUM_CONVERSION = YES;
				CLANG_WARN_INFINITE_RECURSION = YES;
				CLANG_WARN_INT_CONVERSION = YES;
				CLANG_WARN_NON_LITERAL_NULL_CONVERSION = YES;
				CLANG_WARN_OBJC_IMPLICIT_RETAIN_SELF = YES;
				CLANG_WARN_OBJC_LITERAL_CONVERSION = YES;
				CLANG_WARN_OBJC_ROOT_CLASS = YES_ERROR;
				CLANG_WARN_QUOTED_INCLUDE_IN_FRAMEWORK_HEADER = YES;
				CLANG_WARN_RANGE_LOOP_ANALYSIS = YES;
				CLANG_WARN_STRICT_PROTOTYPES = YES;
				CLANG_WARN_SUSPICIOUS_MOVE = YES;
				CLANG_WARN_UNGUARDED_AVAILABILITY = YES_AGGRESSIVE;
				CLANG_WARN_UNREACHABLE_CODE = YES;
				CLANG_WARN__DUPLICATE_METHOD_MATCH = YES;
				COPY_PHASE_STRIP = NO;
				DEBUG_INFORMATION_FORMAT = dwarf;
				ENABLE_STRICT_OBJC_MSGSEND = YES;
				ENABLE_TESTABILITY = YES;
				ENABLE_USER_SCRIPT_SANDBOXING = YES;
				GCC_C_LANGUAGE_STANDARD = gnu17;
				GCC_DYNAMIC_NO_PIC = NO;
				GCC_NO_COMMON_BLOCKS = YES;
				GCC_OPTIMIZATION_LEVEL = 0;
				GCC_PREPROCESSOR_DEFINITIONS = (
					"DEBUG=1",
					"$(inherited)",
				);
				GCC_WARN_64_TO_32_BIT_CONVERSION = YES;
				GCC_WARN_ABOUT_RETURN_TYPE = YES_ERROR;
				GCC_WARN_UNDECLARED_SELECTOR = YES;
				GCC_WARN_UNINITIALIZED_AUTOS = YES_AGGRESSIVE;
				GCC_WARN_UNUSED_FUNCTION = YES;
				GCC_WARN_UNUSED_VARIABLE = YES;
				IPHONEOS_DEPLOYMENT_TARGET = 18.0;
				LOCALIZATION_PREFERS_STRING_CATALOGS = YES;
				MTL_ENABLE_DEBUG_INFO = INCLUDE_SOURCE;
				MTL_FAST_MATH = YES;
				ONLY_ACTIVE_ARCH = YES;
				SDKROOT = iphoneos;
				SWIFT_ACTIVE_COMPILATION_CONDITIONS = "DEBUG $(inherited)";
				SWIFT_OPTIMIZATION_LEVEL = "-Onone";
			};
			name = Debug;
		};
		6D011D412C000001001D0001 /* Release */ = {
			isa = XCBuildConfiguration;
			buildSettings = {
				ALWAYS_SEARCH_USER_PATHS = NO;
				CLANG_ANALYZER_NONNULL = YES;
				CLANG_ANALYZER_NUMBER_OBJECT_CONVERSION = YES_AGGRESSIVE;
				CLANG_CXX_LANGUAGE_STANDARD = "gnu++20";
				CLANG_ENABLE_MODULES = YES;
				CLANG_ENABLE_OBJC_ARC = YES;
				CLANG_ENABLE_OBJC_WEAK = YES;
				CLANG_WARN_BLOCK_CAPTURE_AUTORELEASING = YES;
				CLANG_WARN_BOOL_CONVERSION = YES;
				CLANG_WARN_COMMA = YES;
				CLANG_WARN_CONSTANT_CONVERSION = YES;
				CLANG_WARN_DEPRECATED_OBJC_IMPLEMENTATIONS = YES;
				CLANG_WARN_DIRECT_OBJC_ISA_USAGE = YES_ERROR;
				CLANG_WARN_DOCUMENTATION_COMMENTS = YES;
				CLANG_WARN_EMPTY_BODY = YES;
				CLANG_WARN_ENUM_CONVERSION = YES;
				CLANG_WARN_INFINITE_RECURSION = YES;
				CLANG_WARN_INT_CONVERSION = YES;
				CLANG_WARN_NON_LITERAL_NULL_CONVERSION = YES;
				CLANG_WARN_OBJC_IMPLICIT_RETAIN_SELF = YES;
				CLANG_WARN_OBJC_LITERAL_CONVERSION = YES;
				CLANG_WARN_OBJC_ROOT_CLASS = YES_ERROR;
				CLANG_WARN_QUOTED_INCLUDE_IN_FRAMEWORK_HEADER = YES;
				CLANG_WARN_RANGE_LOOP_ANALYSIS = YES;
				CLANG_WARN_STRICT_PROTOTYPES = YES;
				CLANG_WARN_SUSPICIOUS_MOVE = YES;
				CLANG_WARN_UNGUARDED_AVAILABILITY = YES_AGGRESSIVE;
				CLANG_WARN_UNREACHABLE_CODE = YES;
				CLANG_WARN__DUPLICATE_METHOD_MATCH = YES;
				COPY_PHASE_STRIP = NO;
				DEBUG_INFORMATION_FORMAT = "dwarf-with-dsym";
				ENABLE_NS_ASSERTIONS = NO;
				ENABLE_STRICT_OBJC_MSGSEND = YES;
				ENABLE_USER_SCRIPT_SANDBOXING = YES;
				GCC_C_LANGUAGE_STANDARD = gnu17;
				GCC_NO_COMMON_BLOCKS = YES;
				GCC_WARN_64_TO_32_BIT_CONVERSION = YES;
				GCC_WARN_ABOUT_RETURN_TYPE = YES_ERROR;
				GCC_WARN_UNDECLARED_SELECTOR = YES;
				GCC_WARN_UNINITIALIZED_AUTOS = YES_AGGRESSIVE;
				GCC_WARN_UNUSED_FUNCTION = YES;
				GCC_WARN_UNUSED_VARIABLE = YES;
				IPHONEOS_DEPLOYMENT_TARGET = 18.0;
				LOCALIZATION_PREFERS_STRING_CATALOGS = YES;
				MTL_ENABLE_DEBUG_INFO = NO;
				MTL_FAST_MATH = YES;
				SDKROOT = iphoneos;
				SWIFT_COMPILATION_MODE = wholemodule;
				VALIDATE_PRODUCT = YES;
			};
			name = Release;
		};
		6D011D432C000001001D0001 /* Debug */ = {
			isa = XCBuildConfiguration;
			buildSettings = {
				ASSETCATALOG_COMPILER_APPICON_NAME = AppIcon;
				CODE_SIGN_STYLE = Automatic;
				CURRENT_PROJECT_VERSION = 1;
				DEVELOPMENT_ASSET_PATHS = "";
				DEVELOPMENT_TEAM = 22R7T697WU;
				ENABLE_PREVIEWS = YES;
				GENERATE_INFOPLIST_FILE = YES;
				INFOPLIST_KEY_CFBundleDisplayName = "Cool Spot";
				INFOPLIST_KEY_UIApplicationSceneManifest_Generation = YES;
				INFOPLIST_KEY_UIApplicationSupportsIndirectInputEvents = YES;
				INFOPLIST_KEY_UILaunchScreen_Generation = YES;
				INFOPLIST_KEY_UISupportedInterfaceOrientations_iPad = "UIInterfaceOrientationPortrait UIInterfaceOrientationPortraitUpsideDown UIInterfaceOrientationLandscapeLeft UIInterfaceOrientationLandscapeRight";
				INFOPLIST_KEY_UISupportedInterfaceOrientations_iPhone = "UIInterfaceOrientationPortrait UIInterfaceOrientationLandscapeLeft UIInterfaceOrientationLandscapeRight";
				LD_RUNPATH_SEARCH_PATHS = (
					"$(inherited)",
					"@executable_path/Frameworks",
				);
				MARKETING_VERSION = 1.0;
				PRODUCT_BUNDLE_IDENTIFIER = "com.chihyinwang.cool-spot";
				PRODUCT_MODULE_NAME = cool_spot;
				PRODUCT_NAME = "$(TARGET_NAME)";
				SUPPORTED_PLATFORMS = "iphoneos iphonesimulator";
				SUPPORTS_MACCATALYST = NO;
				SUPPORTS_MAC_DESIGNED_FOR_IPHONE_IPAD = NO;
				SWIFT_EMIT_LOC_STRINGS = YES;
				SWIFT_VERSION = 5.0;
				TARGETED_DEVICE_FAMILY = "1,2";
			};
			name = Debug;
		};
		6D011D442C000001001D0001 /* Release */ = {
			isa = XCBuildConfiguration;
			buildSettings = {
				ASSETCATALOG_COMPILER_APPICON_NAME = AppIcon;
				CODE_SIGN_STYLE = Automatic;
				CURRENT_PROJECT_VERSION = 1;
				DEVELOPMENT_ASSET_PATHS = "";
				DEVELOPMENT_TEAM = 22R7T697WU;
				ENABLE_PREVIEWS = YES;
				GENERATE_INFOPLIST_FILE = YES;
				INFOPLIST_KEY_CFBundleDisplayName = "Cool Spot";
				INFOPLIST_KEY_UIApplicationSceneManifest_Generation = YES;
				INFOPLIST_KEY_UIApplicationSupportsIndirectInputEvents = YES;
				INFOPLIST_KEY_UILaunchScreen_Generation = YES;
				INFOPLIST_KEY_UISupportedInterfaceOrientations_iPad = "UIInterfaceOrientationPortrait UIInterfaceOrientationPortraitUpsideDown UIInterfaceOrientationLandscapeLeft UIInterfaceOrientationLandscapeRight";
				INFOPLIST_KEY_UISupportedInterfaceOrientations_iPhone = "UIInterfaceOrientationPortrait UIInterfaceOrientationLandscapeLeft UIInterfaceOrientationLandscapeRight";
				LD_RUNPATH_SEARCH_PATHS = (
					"$(inherited)",
					"@executable_path/Frameworks",
				);
				MARKETING_VERSION = 1.0;
				PRODUCT_BUNDLE_IDENTIFIER = "com.chihyinwang.cool-spot";
				PRODUCT_MODULE_NAME = cool_spot;
				PRODUCT_NAME = "$(TARGET_NAME)";
				SUPPORTED_PLATFORMS = "iphoneos iphonesimulator";
				SUPPORTS_MACCATALYST = NO;
				SUPPORTS_MAC_DESIGNED_FOR_IPHONE_IPAD = NO;
				SWIFT_EMIT_LOC_STRINGS = YES;
				SWIFT_VERSION = 5.0;
				TARGETED_DEVICE_FAMILY = "1,2";
			};
			name = Release;
		};
		6D011D462C000001001D0001 /* Debug */ = {
			isa = XCBuildConfiguration;
			buildSettings = {
				BUNDLE_LOADER = "$(TEST_HOST)";
				CODE_SIGN_STYLE = Automatic;
				CURRENT_PROJECT_VERSION = 1;
				GENERATE_INFOPLIST_FILE = YES;
				LD_RUNPATH_SEARCH_PATHS = (
					"$(inherited)",
					"@executable_path/Frameworks",
					"@loader_path/Frameworks",
				);
				MARKETING_VERSION = 1.0;
				PRODUCT_BUNDLE_IDENTIFIER = "com.chihyinwang.cool-spotTests";
				PRODUCT_MODULE_NAME = cool_spotTests;
				PRODUCT_NAME = "$(TARGET_NAME)";
				SUPPORTED_PLATFORMS = "iphoneos iphonesimulator";
				SWIFT_VERSION = 5.0;
				TARGETED_DEVICE_FAMILY = "1,2";
				TEST_HOST = "$(BUILT_PRODUCTS_DIR)/cool-spot.app/$(BUNDLE_EXECUTABLE_FOLDER_PATH)/cool-spot";
			};
			name = Debug;
		};
		6D011D472C000001001D0001 /* Release */ = {
			isa = XCBuildConfiguration;
			buildSettings = {
				BUNDLE_LOADER = "$(TEST_HOST)";
				CODE_SIGN_STYLE = Automatic;
				CURRENT_PROJECT_VERSION = 1;
				GENERATE_INFOPLIST_FILE = YES;
				LD_RUNPATH_SEARCH_PATHS = (
					"$(inherited)",
					"@executable_path/Frameworks",
					"@loader_path/Frameworks",
				);
				MARKETING_VERSION = 1.0;
				PRODUCT_BUNDLE_IDENTIFIER = "com.chihyinwang.cool-spotTests";
				PRODUCT_MODULE_NAME = cool_spotTests;
				PRODUCT_NAME = "$(TARGET_NAME)";
				SUPPORTED_PLATFORMS = "iphoneos iphonesimulator";
				SWIFT_VERSION = 5.0;
				TARGETED_DEVICE_FAMILY = "1,2";
				TEST_HOST = "$(BUILT_PRODUCTS_DIR)/cool-spot.app/$(BUNDLE_EXECUTABLE_FOLDER_PATH)/cool-spot";
			};
			name = Release;
		};
/* End XCBuildConfiguration section */

/* Begin XCConfigurationList section */
		6D011D242C000001001D0001 /* Build configuration list for PBXProject "cool-spot" */ = {
			isa = XCConfigurationList;
			buildConfigurations = (
				6D011D402C000001001D0001 /* Debug */,
				6D011D412C000001001D0001 /* Release */,
			);
			defaultConfigurationIsVisible = 0;
			defaultConfigurationName = Release;
		};
		6D011D422C000001001D0001 /* Build configuration list for PBXNativeTarget "cool-spot" */ = {
			isa = XCConfigurationList;
			buildConfigurations = (
				6D011D432C000001001D0001 /* Debug */,
				6D011D442C000001001D0001 /* Release */,
			);
			defaultConfigurationIsVisible = 0;
			defaultConfigurationName = Release;
		};
		6D011D452C000001001D0001 /* Build configuration list for PBXNativeTarget "cool_spotTests" */ = {
			isa = XCConfigurationList;
			buildConfigurations = (
				6D011D462C000001001D0001 /* Debug */,
				6D011D472C000001001D0001 /* Release */,
			);
			defaultConfigurationIsVisible = 0;
			defaultConfigurationName = Release;
		};
/* End XCConfigurationList section */
	};
	rootObject = 6D011D212C000001001D0001 /* Project object */;
}
